// !$*UTF8*$!
{
	archiveVersion = 1;
	classes = {
	};
	objectVersion = 51;
	objects = {

/* Begin PBXBuildFile section */
		45B9D95624A0BCFF000CDE35 /* AppDelegate.swift in Sources */ = {isa = PBXBuildFile; fileRef = 45B9D95524A0BCFF000CDE35 /* AppDelegate.swift */; };
		45B9D95824A0BCFF000CDE35 /* SceneDelegate.swift in Sources */ = {isa = PBXBuildFile; fileRef = 45B9D95724A0BCFF000CDE35 /* SceneDelegate.swift */; };
		45B9D95A24A0BCFF000CDE35 /* ViewController.swift in Sources */ = {isa = PBXBuildFile; fileRef = 45B9D95924A0BCFF000CDE35 /* ViewController.swift */; };
		45B9D95D24A0BCFF000CDE35 /* Main.storyboard in Resources */ = {isa = PBXBuildFile; fileRef = 45B9D95B24A0BCFF000CDE35 /* Main.storyboard */; };
		45B9D95F24A0BD00000CDE35 /* Assets.xcassets in Resources */ = {isa = PBXBuildFile; fileRef = 45B9D95E24A0BD00000CDE35 /* Assets.xcassets */; };
		45B9D96224A0BD00000CDE35 /* LaunchScreen.storyboard in Resources */ = {isa = PBXBuildFile; fileRef = 45B9D96024A0BD00000CDE35 /* LaunchScreen.storyboard */; };
		45B9D96D24A0BD00000CDE35 /* SVProgressHUD_SampleTests.swift in Sources */ = {isa = PBXBuildFile; fileRef = 45B9D96C24A0BD00000CDE35 /* SVProgressHUD_SampleTests.swift */; };
		45B9D97824A0BD00000CDE35 /* SVProgressHUD_SampleUITests.swift in Sources */ = {isa = PBXBuildFile; fileRef = 45B9D97724A0BD00000CDE35 /* SVProgressHUD_SampleUITests.swift */; };
		5576DC20A0DCA488D0C7AC0C /* Pods_SVProgressHUD_Sample.framework in Frameworks */ = {isa = PBXBuildFile; fileRef = 169FBF4B471E505740A09411 /* Pods_SVProgressHUD_Sample.framework */; };
		81598E0841826760DDE03875 /* Pods_SVProgressHUD_SampleTests.framework in Frameworks */ = {isa = PBXBuildFile; fileRef = C161F214DB707BC4189BD9B3 /* Pods_SVProgressHUD_SampleTests.framework */; };
		98D6B01C49C25A38BB160A3F /* Pods_SVProgressHUD_Sample_SVProgressHUD_SampleUITests.framework in Frameworks */ = {isa = PBXBuildFile; fileRef = E38317BE7E55C9E3DB0F7EAE /* Pods_SVProgressHUD_Sample_SVProgressHUD_SampleUITests.framework */; };
/* End PBXBuildFile section */

/* Begin PBXContainerItemProxy section */
		45B9D96924A0BD00000CDE35 /* PBXContainerItemProxy */ = {
			isa = PBXContainerItemProxy;
			containerPortal = 45B9D94A24A0BCFF000CDE35 /* Project object */;
			proxyType = 1;
			remoteGlobalIDString = 45B9D95124A0BCFF000CDE35;
			remoteInfo = SVProgressHUD_Sample;
		};
		45B9D97424A0BD00000CDE35 /* PBXContainerItemProxy */ = {
			isa = PBXContainerItemProxy;
			containerPortal = 45B9D94A24A0BCFF000CDE35 /* Project object */;
			proxyType = 1;
			remoteGlobalIDString = 45B9D95124A0BCFF000CDE35;
			remoteInfo = SVProgressHUD_Sample;
		};
/* End PBXContainerItemProxy section */

/* Begin PBXFileReference section */
		0C88DC165416CC14C802547F /* Pods-SVProgressHUD_SampleTests.release.xcconfig */ = {isa = PBXFileReference; includeInIndex = 1; lastKnownFileType = text.xcconfig; name = "Pods-SVProgressHUD_SampleTests.release.xcconfig"; path = "Target Support Files/Pods-SVProgressHUD_SampleTests/Pods-SVProgressHUD_SampleTests.release.xcconfig"; sourceTree = "<group>"; };
		169FBF4B471E505740A09411 /* Pods_SVProgressHUD_Sample.framework */ = {isa = PBXFileReference; explicitFileType = wrapper.framework; includeInIndex = 0; path = Pods_SVProgressHUD_Sample.framework; sourceTree = BUILT_PRODUCTS_DIR; };
		230FEEF47C01B493AB6B9F6B /* Pods-SVProgressHUD_SampleTests.debug.xcconfig */ = {isa = PBXFileReference; includeInIndex = 1; lastKnownFileType = text.xcconfig; name = "Pods-SVProgressHUD_SampleTests.debug.xcconfig"; path = "Target Support Files/Pods-SVProgressHUD_SampleTests/Pods-SVProgressHUD_SampleTests.debug.xcconfig"; sourceTree = "<group>"; };
		3CF62F5E56356327CD96D9AB /* Pods-SVProgressHUD_Sample-SVProgressHUD_SampleUITests.debug.xcconfig */ = {isa = PBXFileReference; includeInIndex = 1; lastKnownFileType = text.xcconfig; name = "Pods-SVProgressHUD_Sample-SVProgressHUD_SampleUITests.debug.xcconfig"; path = "Target Support Files/Pods-SVProgressHUD_Sample-SVProgressHUD_SampleUITests/Pods-SVProgressHUD_Sample-SVProgressHUD_SampleUITests.debug.xcconfig"; sourceTree = "<group>"; };
		3E8FDB0A64B1D73EB0C3AB5C /* Pods-SVProgressHUD_Sample.release.xcconfig */ = {isa = PBXFileReference; includeInIndex = 1; lastKnownFileType = text.xcconfig; name = "Pods-SVProgressHUD_Sample.release.xcconfig"; path = "Target Support Files/Pods-SVProgressHUD_Sample/Pods-SVProgressHUD_Sample.release.xcconfig"; sourceTree = "<group>"; };
		3F8F2A79302868ED90C9B562 /* Pods-SVProgressHUD_Sample-SVProgressHUD_SampleUITests.release.xcconfig */ = {isa = PBXFileReference; includeInIndex = 1; lastKnownFileType = text.xcconfig; name = "Pods-SVProgressHUD_Sample-SVProgressHUD_SampleUITests.release.xcconfig"; path = "Target Support Files/Pods-SVProgressHUD_Sample-SVProgressHUD_SampleUITests/Pods-SVProgressHUD_Sample-SVProgressHUD_SampleUITests.release.xcconfig"; sourceTree = "<group>"; };
		45B9D95224A0BCFF000CDE35 /* SVProgressHUD_Sample.app */ = {isa = PBXFileReference; explicitFileType = wrapper.application; includeInIndex = 0; path = SVProgressHUD_Sample.app; sourceTree = BUILT_PRODUCTS_DIR; };
		45B9D95524A0BCFF000CDE35 /* AppDelegate.swift */ = {isa = PBXFileReference; lastKnownFileType = sourcecode.swift; path = AppDelegate.swift; sourceTree = "<group>"; };
		45B9D95724A0BCFF000CDE35 /* SceneDelegate.swift */ = {isa = PBXFileReference; lastKnownFileType = sourcecode.swift; path = SceneDelegate.swift; sourceTree = "<group>"; };
		45B9D95924A0BCFF000CDE35 /* ViewController.swift */ = {isa = PBXFileReference; lastKnownFileType = sourcecode.swift; path = ViewController.swift; sourceTree = "<group>"; };
		45B9D95C24A0BCFF000CDE35 /* Base */ = {isa = PBXFileReference; lastKnownFileType = file.storyboard; name = Base; path = Base.lproj/Main.storyboard; sourceTree = "<group>"; };
		45B9D95E24A0BD00000CDE35 /* Assets.xcassets */ = {isa = PBXFileReference; lastKnownFileType = folder.assetcatalog; path = Assets.xcassets; sourceTree = "<group>"; };
		45B9D96124A0BD00000CDE35 /* Base */ = {isa = PBXFileReference; lastKnownFileType = file.storyboard; name = Base; path = Base.lproj/LaunchScreen.storyboard; sourceTree = "<group>"; };
		45B9D96324A0BD00000CDE35 /* Info.plist */ = {isa = PBXFileReference; lastKnownFileType = text.plist.xml; path = Info.plist; sourceTree = "<group>"; };
		45B9D96824A0BD00000CDE35 /* SVProgressHUD_SampleTests.xctest */ = {isa = PBXFileReference; explicitFileType = wrapper.cfbundle; includeInIndex = 0; path = SVProgressHUD_SampleTests.xctest; sourceTree = BUILT_PRODUCTS_DIR; };
		45B9D96C24A0BD00000CDE35 /* SVProgressHUD_SampleTests.swift */ = {isa = PBXFileReference; lastKnownFileType = sourcecode.swift; path = SVProgressHUD_SampleTests.swift; sourceTree = "<group>"; };
		45B9D96E24A0BD00000CDE35 /* Info.plist */ = {isa = PBXFileReference; lastKnownFileType = text.plist.xml; path = Info.plist; sourceTree = "<group>"; };
		45B9D97324A0BD00000CDE35 /* SVProgressHUD_SampleUITests.xctest */ = {isa = PBXFileReference; explicitFileType = wrapper.cfbundle; includeInIndex = 0; path = SVProgressHUD_SampleUITests.xctest; sourceTree = BUILT_PRODUCTS_DIR; };
		45B9D97724A0BD00000CDE35 /* SVProgressHUD_SampleUITests.swift */ = {isa = PBXFileReference; lastKnownFileType = sourcecode.swift; path = SVProgressHUD_SampleUITests.swift; sourceTree = "<group>"; };
		45B9D97924A0BD00000CDE35 /* Info.plist */ = {isa = PBXFileReference; lastKnownFileType = text.plist.xml; path = Info.plist; sourceTree = "<group>"; };
		A96A769C073F3BDAB9FFEA2D /* Pods-SVProgressHUD_Sample.debug.xcconfig */ = {isa = PBXFileReference; includeInIndex = 1; lastKnownFileType = text.xcconfig; name = "Pods-SVProgressHUD_Sample.debug.xcconfig"; path = "Target Support Files/Pods-SVProgressHUD_Sample/Pods-SVProgressHUD_Sample.debug.xcconfig"; sourceTree = "<group>"; };
		C161F214DB707BC4189BD9B3 /* Pods_SVProgressHUD_SampleTests.framework */ = {isa = PBXFileReference; explicitFileType = wrapper.framework; includeInIndex = 0; path = Pods_SVProgressHUD_SampleTests.framework; sourceTree = BUILT_PRODUCTS_DIR; };
		E38317BE7E55C9E3DB0F7EAE /* Pods_SVProgressHUD_Sample_SVProgressHUD_SampleUITests.framework */ = {isa = PBXFileReference; explicitFileType = wrapper.framework; includeInIndex = 0; path = Pods_SVProgressHUD_Sample_SVProgressHUD_SampleUITests.framework; sourceTree = BUILT_PRODUCTS_DIR; };
/* End PBXFileReference section */

/* Begin PBXFrameworksBuildPhase section */
		45B9D94F24A0BCFF000CDE35 /* Frameworks */ = {
			isa = PBXFrameworksBuildPhase;
			buildActionMask = 2147483647;
			files = (
				5576DC20A0DCA488D0C7AC0C /* Pods_SVProgressHUD_Sample.framework in Frameworks */,
			);
			runOnlyForDeploymentPostprocessing = 0;
		};
		45B9D96524A0BD00000CDE35 /* Frameworks */ = {
			isa = PBXFrameworksBuildPhase;
			buildActionMask = 2147483647;
			files = (
				81598E0841826760DDE03875 /* Pods_SVProgressHUD_SampleTests.framework in Frameworks */,
			);
			runOnlyForDeploymentPostprocessing = 0;
		};
		45B9D97024A0BD00000CDE35 /* Frameworks */ = {
			isa = PBXFrameworksBuildPhase;
			buildActionMask = 2147483647;
			files = (
				98D6B01C49C25A38BB160A3F /* Pods_SVProgressHUD_Sample_SVProgressHUD_SampleUITests.framework in Frameworks */,
			);
			runOnlyForDeploymentPostprocessing = 0;
		};
/* End PBXFrameworksBuildPhase section */

/* Begin PBXGroup section */
		45B9D94924A0BCFF000CDE35 = {
			isa = PBXGroup;
			children = (
				45B9D95424A0BCFF000CDE35 /* SVProgressHUD_Sample */,
				45B9D96B24A0BD00000CDE35 /* SVProgressHUD_SampleTests */,
				45B9D97624A0BD00000CDE35 /* SVProgressHUD_SampleUITests */,
				45B9D95324A0BCFF000CDE35 /* Products */,
				A86EE90AE3C15932200C8E55 /* Pods */,
				8C4A30981701FEDC2C0ED094 /* Frameworks */,
			);
			sourceTree = "<group>";
		};
		45B9D95324A0BCFF000CDE35 /* Products */ = {
			isa = PBXGroup;
			children = (
				45B9D95224A0BCFF000CDE35 /* SVProgressHUD_Sample.app */,
				45B9D96824A0BD00000CDE35 /* SVProgressHUD_SampleTests.xctest */,
				45B9D97324A0BD00000CDE35 /* SVProgressHUD_SampleUITests.xctest */,
			);
			name = Products;
			sourceTree = "<group>";
		};
		45B9D95424A0BCFF000CDE35 /* SVProgressHUD_Sample */ = {
			isa = PBXGroup;
			children = (
				45B9D95524A0BCFF000CDE35 /* AppDelegate.swift */,
				45B9D95724A0BCFF000CDE35 /* SceneDelegate.swift */,
				45B9D95924A0BCFF000CDE35 /* ViewController.swift */,
				45B9D95B24A0BCFF000CDE35 /* Main.storyboard */,
				45B9D95E24A0BD00000CDE35 /* Assets.xcassets */,
				45B9D96024A0BD00000CDE35 /* LaunchScreen.storyboard */,
				45B9D96324A0BD00000CDE35 /* Info.plist */,
			);
			path = SVProgressHUD_Sample;
			sourceTree = "<group>";
		};
		45B9D96B24A0BD00000CDE35 /* SVProgressHUD_SampleTests */ = {
			isa = PBXGroup;
			children = (
				45B9D96C24A0BD00000CDE35 /* SVProgressHUD_SampleTests.swift */,
				45B9D96E24A0BD00000CDE35 /* Info.plist */,
			);
			path = SVProgressHUD_SampleTests;
			sourceTree = "<group>";
		};
		45B9D97624A0BD00000CDE35 /* SVProgressHUD_SampleUITests */ = {
			isa = PBXGroup;
			children = (
				45B9D97724A0BD00000CDE35 /* SVProgressHUD_SampleUITests.swift */,
				45B9D97924A0BD00000CDE35 /* Info.plist */,
			);
			path = SVProgressHUD_SampleUITests;
			sourceTree = "<group>";
		};
		8C4A30981701FEDC2C0ED094 /* Frameworks */ = {
			isa = PBXGroup;
			children = (
				169FBF4B471E505740A09411 /* Pods_SVProgressHUD_Sample.framework */,
				E38317BE7E55C9E3DB0F7EAE /* Pods_SVProgressHUD_Sample_SVProgressHUD_SampleUITests.framework */,
				C161F214DB707BC4189BD9B3 /* Pods_SVProgressHUD_SampleTests.framework */,
			);
			name = Frameworks;
			sourceTree = "<group>";
		};
		A86EE90AE3C15932200C8E55 /* Pods */ = {
			isa = PBXGroup;
			children = (
				A96A769C073F3BDAB9FFEA2D /* Pods-SVProgressHUD_Sample.debug.xcconfig */,
				3E8FDB0A64B1D73EB0C3AB5C /* Pods-SVProgressHUD_Sample.release.xcconfig */,
				3CF62F5E56356327CD96D9AB /* Pods-SVProgressHUD_Sample-SVProgressHUD_SampleUITests.debug.xcconfig */,
				3F8F2A79302868ED90C9B562 /* Pods-SVProgressHUD_Sample-SVProgressHUD_SampleUITests.release.xcconfig */,
				230FEEF47C01B493AB6B9F6B /* Pods-SVProgressHUD_SampleTests.debug.xcconfig */,
				0C88DC165416CC14C802547F /* Pods-SVProgressHUD_SampleTests.release.xcconfig */,
			);
			path = Pods;
			sourceTree = "<group>";
		};
/* End PBXGroup section */

/* Begin PBXNativeTarget section */
		45B9D95124A0BCFF000CDE35 /* SVProgressHUD_Sample */ = {
			isa = PBXNativeTarget;
			buildConfigurationList = 45B9D97C24A0BD00000CDE35 /* Build configuration list for PBXNativeTarget "SVProgressHUD_Sample" */;
			buildPhases = (
				33BA0BF9A298F9A3093D2C48 /* [CP] Check Pods Manifest.lock */,
				45B9D94E24A0BCFF000CDE35 /* Sources */,
				45B9D94F24A0BCFF000CDE35 /* Frameworks */,
				45B9D95024A0BCFF000CDE35 /* Resources */,
				0EF0848849AA0A2CA3F38DF3 /* [CP] Embed Pods Frameworks */,
			);
			buildRules = (
			);
			dependencies = (
			);
			name = SVProgressHUD_Sample;
			productName = SVProgressHUD_Sample;
			productReference = 45B9D95224A0BCFF000CDE35 /* SVProgressHUD_Sample.app */;
			productType = "com.apple.product-type.application";
		};
		45B9D96724A0BD00000CDE35 /* SVProgressHUD_SampleTests */ = {
			isa = PBXNativeTarget;
			buildConfigurationList = 45B9D97F24A0BD00000CDE35 /* Build configuration list for PBXNativeTarget "SVProgressHUD_SampleTests" */;
			buildPhases = (
				B0EFDA5E229C754C906C8AC9 /* [CP] Check Pods Manifest.lock */,
				45B9D96424A0BD00000CDE35 /* Sources */,
				45B9D96524A0BD00000CDE35 /* Frameworks */,
				45B9D96624A0BD00000CDE35 /* Resources */,
			);
			buildRules = (
			);
			dependencies = (
				45B9D96A24A0BD00000CDE35 /* PBXTargetDependency */,
			);
			name = SVProgressHUD_SampleTests;
			productName = SVProgressHUD_SampleTests;
			productReference = 45B9D96824A0BD00000CDE35 /* SVProgressHUD_SampleTests.xctest */;
			productType = "com.apple.product-type.bundle.unit-test";
		};
		45B9D97224A0BD00000CDE35 /* SVProgressHUD_SampleUITests */ = {
			isa = PBXNativeTarget;
			buildConfigurationList = 45B9D98224A0BD00000CDE35 /* Build configuration list for PBXNativeTarget "SVProgressHUD_SampleUITests" */;
			buildPhases = (
				40CAA642E3C60BBD4F1BDFEA /* [CP] Check Pods Manifest.lock */,
				45B9D96F24A0BD00000CDE35 /* Sources */,
				45B9D97024A0BD00000CDE35 /* Frameworks */,
				45B9D97124A0BD00000CDE35 /* Resources */,
				7347AF555DDCBF7E4C6E03B0 /* [CP] Embed Pods Frameworks */,
			);
			buildRules = (
			);
			dependencies = (
				45B9D97524A0BD00000CDE35 /* PBXTargetDependency */,
			);
			name = SVProgressHUD_SampleUITests;
			productName = SVProgressHUD_SampleUITests;
			productReference = 45B9D97324A0BD00000CDE35 /* SVProgressHUD_SampleUITests.xctest */;
			productType = "com.apple.product-type.bundle.ui-testing";
		};
/* End PBXNativeTarget section */

/* Begin PBXProject section */
		45B9D94A24A0BCFF000CDE35 /* Project object */ = {
			isa = PBXProject;
			attributes = {
				LastSwiftUpdateCheck = 1150;
				LastUpgradeCheck = 1150;
				ORGANIZATIONNAME = Reo.S;
				TargetAttributes = {
					45B9D95124A0BCFF000CDE35 = {
						CreatedOnToolsVersion = 11.5;
					};
					45B9D96724A0BD00000CDE35 = {
						CreatedOnToolsVersion = 11.5;
						TestTargetID = 45B9D95124A0BCFF000CDE35;
					};
					45B9D97224A0BD00000CDE35 = {
						CreatedOnToolsVersion = 11.5;
						TestTargetID = 45B9D95124A0BCFF000CDE35;
					};
				};
			};
			buildConfigurationList = 45B9D94D24A0BCFF000CDE35 /* Build configuration list for PBXProject "SVProgressHUD_Sample" */;
			compatibilityVersion = "Xcode 9.3";
			developmentRegion = en;
			hasScannedForEncodings = 0;
			knownRegions = (
				en,
				Base,
			);
			mainGroup = 45B9D94924A0BCFF000CDE35;
			productRefGroup = 45B9D95324A0BCFF000CDE35 /* Products */;
			projectDirPath = "";
			projectRoot = "";
			targets = (
				45B9D95124A0BCFF000CDE35 /* SVProgressHUD_Sample */,
				45B9D96724A0BD00000CDE35 /* SVProgressHUD_SampleTests */,
				45B9D97224A0BD00000CDE35 /* SVProgressHUD_SampleUITests */,
			);
		};
/* End PBXProject section */

/* Begin PBXResourcesBuildPhase section */
		45B9D95024A0BCFF000CDE35 /* Resources */ = {
			isa = PBXResourcesBuildPhase;
			buildActionMask = 2147483647;
			files = (
				45B9D96224A0BD00000CDE35 /* LaunchScreen.storyboard in Resources */,
				45B9D95F24A0BD00000CDE35 /* Assets.xcassets in Resources */,
				45B9D95D24A0BCFF000CDE35 /* Main.storyboard in Resources */,
			);
			runOnlyForDeploymentPostprocessing = 0;
		};
		45B9D96624A0BD00000CDE35 /* Resources */ = {
			isa = PBXResourcesBuildPhase;
			buildActionMask = 2147483647;
			files = (
			);
			runOnlyForDeploymentPostprocessing = 0;
		};
		45B9D97124A0BD00000CDE35 /* Resources */ = {
			isa = PBXResourcesBuildPhase;
			buildActionMask = 2147483647;
			files = (
			);
			runOnlyForDeploymentPostprocessing = 0;
		};
/* End PBXResourcesBuildPhase section */

/* Begin PBXShellScriptBuildPhase section */
		0EF0848849AA0A2CA3F38DF3 /* [CP] Embed Pods Frameworks */ = {
			isa = PBXShellScriptBuildPhase;
			buildActionMask = 2147483647;
			files = (
			);
			inputFileListPaths = (
				"${PODS_ROOT}/Target Support Files/Pods-SVProgressHUD_Sample/Pods-SVProgressHUD_Sample-frameworks-${CONFIGURATION}-input-files.xcfilelist",
			);
			name = "[CP] Embed Pods Frameworks";
			outputFileListPaths = (
				"${PODS_ROOT}/Target Support Files/Pods-SVProgressHUD_Sample/Pods-SVProgressHUD_Sample-frameworks-${CONFIGURATION}-output-files.xcfilelist",
			);
			runOnlyForDeploymentPostprocessing = 0;
			shellPath = /bin/sh;
			shellScript = "\"${PODS_ROOT}/Target Support Files/Pods-SVProgressHUD_Sample/Pods-SVProgressHUD_Sample-frameworks.sh\"\n";
			showEnvVarsInLog = 0;
		};
		33BA0BF9A298F9A3093D2C48 /* [CP] Check Pods Manifest.lock */ = {
			isa = PBXShellScriptBuildPhase;
			buildActionMask = 2147483647;
			files = (
			);
			inputFileListPaths = (
			);
			inputPaths = (
				"${PODS_PODFILE_DIR_PATH}/Podfile.lock",
				"${PODS_ROOT}/Manifest.lock",
			);
			name = "[CP] Check Pods Manifest.lock";
			outputFileListPaths = (
			);
			outputPaths = (
				"$(DERIVED_FILE_DIR)/Pods-SVProgressHUD_Sample-checkManifestLockResult.txt",
			);
			runOnlyForDeploymentPostprocessing = 0;
			shellPath = /bin/sh;
			shellScript = "diff \"${PODS_PODFILE_DIR_PATH}/Podfile.lock\" \"${PODS_ROOT}/Manifest.lock\" > /dev/null\nif [ $? != 0 ] ; then\n    # print error to STDERR\n    echo \"error: The sandbox is not in sync with the Podfile.lock. Run 'pod install' or update your CocoaPods installation.\" >&2\n    exit 1\nfi\n# This output is used by Xcode 'outputs' to avoid re-running this script phase.\necho \"SUCCESS\" > \"${SCRIPT_OUTPUT_FILE_0}\"\n";
			showEnvVarsInLog = 0;
		};
		40CAA642E3C60BBD4F1BDFEA /* [CP] Check Pods Manifest.lock */ = {
			isa = PBXShellScriptBuildPhase;
			buildActionMask = 2147483647;
			files = (
			);
			inputFileListPaths = (
			);
			inputPaths = (
				"${PODS_PODFILE_DIR_PATH}/Podfile.lock",
				"${PODS_ROOT}/Manifest.lock",
			);
			name = "[CP] Check Pods Manifest.lock";
			outputFileListPaths = (
			);
			outputPaths = (
				"$(DERIVED_FILE_DIR)/Pods-SVProgressHUD_Sample-SVProgressHUD_SampleUITests-checkManifestLockResult.txt",
			);
			runOnlyForDeploymentPostprocessing = 0;
			shellPath = /bin/sh;
			shellScript = "diff \"${PODS_PODFILE_DIR_PATH}/Podfile.lock\" \"${PODS_ROOT}/Manifest.lock\" > /dev/null\nif [ $? != 0 ] ; then\n    # print error to STDERR\n    echo \"error: The sandbox is not in sync with the Podfile.lock. Run 'pod install' or update your CocoaPods installation.\" >&2\n    exit 1\nfi\n# This output is used by Xcode 'outputs' to avoid re-running this script phase.\necho \"SUCCESS\" > \"${SCRIPT_OUTPUT_FILE_0}\"\n";
			showEnvVarsInLog = 0;
		};
		7347AF555DDCBF7E4C6E03B0 /* [CP] Embed Pods Frameworks */ = {
			isa = PBXShellScriptBuildPhase;
			buildActionMask = 2147483647;
			files = (
			);
			inputFileListPaths = (
				"${PODS_ROOT}/Target Support Files/Pods-SVProgressHUD_Sample-SVProgressHUD_SampleUITests/Pods-SVProgressHUD_Sample-SVProgressHUD_SampleUITests-frameworks-${CONFIGURATION}-input-files.xcfilelist",
			);
			name = "[CP] Embed Pods Frameworks";
			outputFileListPaths = (
				"${PODS_ROOT}/Target Support Files/Pods-SVProgressHUD_Sample-SVProgressHUD_SampleUITests/Pods-SVProgressHUD_Sample-SVProgressHUD_SampleUITests-frameworks-${CONFIGURATION}-output-files.xcfilelist",
			);
			runOnlyForDeploymentPostprocessing = 0;
			shellPath = /bin/sh;
			shellScript = "\"${PODS_ROOT}/Target Support Files/Pods-SVProgressHUD_Sample-SVProgressHUD_SampleUITests/Pods-SVProgressHUD_Sample-SVProgressHUD_SampleUITests-frameworks.sh\"\n";
			showEnvVarsInLog = 0;
		};
		B0EFDA5E229C754C906C8AC9 /* [CP] Check Pods Manifest.lock */ = {
			isa = PBXShellScriptBuildPhase;
			buildActionMask = 2147483647;
			files = (
			);
			inputFileListPaths = (
			);
			inputPaths = (
				"${PODS_PODFILE_DIR_PATH}/Podfile.lock",
				"${PODS_ROOT}/Manifest.lock",
			);
			name = "[CP] Check Pods Manifest.lock";
			outputFileListPaths = (
			);
			outputPaths = (
				"$(DERIVED_FILE_DIR)/Pods-SVProgressHUD_SampleTests-checkManifestLockResult.txt",
			);
			runOnlyForDeploymentPostprocessing = 0;
			shellPath = /bin/sh;
			shellScript = "diff \"${PODS_PODFILE_DIR_PATH}/Podfile.lock\" \"${PODS_ROOT}/Manifest.lock\" > /dev/null\nif [ $? != 0 ] ; then\n    # print error to STDERR\n    echo \"error: The sandbox is not in sync with the Podfile.lock. Run 'pod install' or update your CocoaPods installation.\" >&2\n    exit 1\nfi\n# This output is used by Xcode 'outputs' to avoid re-running this script phase.\necho \"SUCCESS\" > \"${SCRIPT_OUTPUT_FILE_0}\"\n";
			showEnvVarsInLog = 0;
		};
/* End PBXShellScriptBuildPhase section */

/* Begin PBXSourcesBuildPhase section */
		45B9D94E24A0BCFF000CDE35 /* Sources */ = {
			isa = PBXSourcesBuildPhase;
			buildActionMask = 2147483647;
			files = (
				45B9D95A24A0BCFF000CDE35 /* ViewController.swift in Sources */,
				45B9D95624A0BCFF000CDE35 /* AppDelegate.swift in Sources */,
				45B9D95824A0BCFF000CDE35 /* SceneDelegate.swift in Sources */,
			);
			runOnlyForDeploymentPostprocessing = 0;
		};
		45B9D96424A0BD00000CDE35 /* Sources */ = {
			isa = PBXSourcesBuildPhase;
			buildActionMask = 2147483647;
			files = (
				45B9D96D24A0BD00000CDE35 /* SVProgressHUD_SampleTests.swift in Sources */,
			);
			runOnlyForDeploymentPostprocessing = 0;
		};
		45B9D96F24A0BD00000CDE35 /* Sources */ = {
			isa = PBXSourcesBuildPhase;
			buildActionMask = 2147483647;
			files = (
				45B9D97824A0BD00000CDE35 /* SVProgressHUD_SampleUITests.swift in Sources */,
			);
			runOnlyForDeploymentPostprocessing = 0;
		};
/* End PBXSourcesBuildPhase section */

/* Begin PBXTargetDependency section */
		45B9D96A24A0BD00000CDE35 /* PBXTargetDependency */ = {
			isa = PBXTargetDependency;
			target = 45B9D95124A0BCFF000CDE35 /* SVProgressHUD_Sample */;
			targetProxy = 45B9D96924A0BD00000CDE35 /* PBXContainerItemProxy */;
		};
		45B9D97524A0BD00000CDE35 /* PBXTargetDependency */ = {
			isa = PBXTargetDependency;
			target = 45B9D95124A0BCFF000CDE35 /* SVProgressHUD_Sample */;
			targetProxy = 45B9D97424A0BD00000CDE35 /* PBXContainerItemProxy */;
		};
/* End PBXTargetDependency section */

/* Begin PBXVariantGroup section */
		45B9D95B24A0BCFF000CDE35 /* Main.storyboard */ = {
			isa = PBXVariantGroup;
			children = (
				45B9D95C24A0BCFF000CDE35 /* Base */,
			);
			name = Main.storyboard;
			sourceTree = "<group>";
		};
		45B9D96024A0BD00000CDE35 /* LaunchScreen.storyboard */ = {
			isa = PBXVariantGroup;
			children = (
				45B9D96124A0BD00000CDE35 /* Base */,
			);
			name = LaunchScreen.storyboard;
			sourceTree = "<group>";
		};
/* End PBXVariantGroup section */

/* Begin XCBuildConfiguration section */
		45B9D97A24A0BD00000CDE35 /* Debug */ = {
			isa = XCBuildConfiguration;
			buildSettings = {
				ALWAYS_SEARCH_USER_PATHS = NO;
				CLANG_ANALYZER_NONNULL = YES;
				CLANG_ANALYZER_NUMBER_OBJECT_CONVERSION = YES_AGGRESSIVE;
				CLANG_CXX_LANGUAGE_STANDARD = "gnu++14";
				CLANG_CXX_LIBRARY = "libc++";
				CLANG_ENABLE_MODULES = YES;
				CLANG_ENABLE_OBJC_ARC = YES;
				CLANG_ENABLE_OBJC_WEAK = YES;
				CLANG_WARN_BLOCK_CAPTURE_AUTORELEASING = YES;
				CLANG_WARN_BOOL_CONVERSION = YES;
				CLANG_WARN_COMMA = YES;
				CLANG_WARN_CONSTANT_CONVERSION = YES;
				CLANG_WARN_DEPRECATED_OBJC_IMPLEMENTATIONS = YES;
				CLANG_WARN_DIRECT_OBJC_ISA_USAGE = YES_ERROR;
				CLANG_WARN_DOCUMENTATION_COMMENTS = YES;
				CLANG_WARN_EMPTY_BODY = YES;
				CLANG_WARN_ENUM_CONVERSION = YES;
				CLANG_WARN_INFINITE_RECURSION = YES;
				CLANG_WARN_INT_CONVERSION = YES;
				CLANG_WARN_NON_LITERAL_NULL_CONVERSION = YES;
				CLANG_WARN_OBJC_IMPLICIT_RETAIN_SELF = YES;
				CLANG_WARN_OBJC_LITERAL_CONVERSION = YES;
				CLANG_WARN_OBJC_ROOT_CLASS = YES_ERROR;
				CLANG_WARN_RANGE_LOOP_ANALYSIS = YES;
				CLANG_WARN_STRICT_PROTOTYPES = YES;
				CLANG_WARN_SUSPICIOUS_MOVE = YES;
				CLANG_WARN_UNGUARDED_AVAILABILITY = YES_AGGRESSIVE;
				CLANG_WARN_UNREACHABLE_CODE = YES;
				CLANG_WARN__DUPLICATE_METHOD_MATCH = YES;
				COPY_PHASE_STRIP = NO;
				DEBUG_INFORMATION_FORMAT = dwarf;
				ENABLE_STRICT_OBJC_MSGSEND = YES;
				ENABLE_TESTABILITY = YES;
				GCC_C_LANGUAGE_STANDARD = gnu11;
				GCC_DYNAMIC_NO_PIC = NO;
				GCC_NO_COMMON_BLOCKS = YES;
				GCC_OPTIMIZATION_LEVEL = 0;
				GCC_PREPROCESSOR_DEFINITIONS = (
					"DEBUG=1",
					"$(inherited)",
				);
				GCC_WARN_64_TO_32_BIT_CONVERSION = YES;
				GCC_WARN_ABOUT_RETURN_TYPE = YES_ERROR;
				GCC_WARN_UNDECLARED_SELECTOR = YES;
				GCC_WARN_UNINITIALIZED_AUTOS = YES_AGGRESSIVE;
				GCC_WARN_UNUSED_FUNCTION = YES;
				GCC_WARN_UNUSED_VARIABLE = YES;
				IPHONEOS_DEPLOYMENT_TARGET = 13.5;
				MTL_ENABLE_DEBUG_INFO = INCLUDE_SOURCE;
				MTL_FAST_MATH = YES;
				ONLY_ACTIVE_ARCH = YES;
				SDKROOT = iphoneos;
				SWIFT_ACTIVE_COMPILATION_CONDITIONS = DEBUG;
				SWIFT_OPTIMIZATION_LEVEL = "-Onone";
			};
			name = Debug;
		};
		45B9D97B24A0BD00000CDE35 /* Release */ = {
			isa = XCBuildConfiguration;
			buildSettings = {
				ALWAYS_SEARCH_USER_PATHS = NO;
				CLANG_ANALYZER_NONNULL = YES;
				CLANG_ANALYZER_NUMBER_OBJECT_CONVERSION = YES_AGGRESSIVE;
				CLANG_CXX_LANGUAGE_STANDARD = "gnu++14";
				CLANG_CXX_LIBRARY = "libc++";
				CLANG_ENABLE_MODULES = YES;
				CLANG_ENABLE_OBJC_ARC = YES;
				CLANG_ENABLE_OBJC_WEAK = YES;
				CLANG_WARN_BLOCK_CAPTURE_AUTORELEASING = YES;
				CLANG_WARN_BOOL_CONVERSION = YES;
				CLANG_WARN_COMMA = YES;
				CLANG_WARN_CONSTANT_CONVERSION = YES;
				CLANG_WARN_DEPRECATED_OBJC_IMPLEMENTATIONS = YES;
				CLANG_WARN_DIRECT_OBJC_ISA_USAGE = YES_ERROR;
				CLANG_WARN_DOCUMENTATION_COMMENTS = YES;
				CLANG_WARN_EMPTY_BODY = YES;
				CLANG_WARN_ENUM_CONVERSION = YES;
				CLANG_WARN_INFINITE_RECURSION = YES;
				CLANG_WARN_INT_CONVERSION = YES;
				CLANG_WARN_NON_LITERAL_NULL_CONVERSION = YES;
				CLANG_WARN_OBJC_IMPLICIT_RETAIN_SELF = YES;
				CLANG_WARN_OBJC_LITERAL_CONVERSION = YES;
				CLANG_WARN_OBJC_ROOT_CLASS = YES_ERROR;
				CLANG_WARN_RANGE_LOOP_ANALYSIS = YES;
				CLANG_WARN_STRICT_PROTOTYPES = YES;
				CLANG_WARN_SUSPICIOUS_MOVE = YES;
				CLANG_WARN_UNGUARDED_AVAILABILITY = YES_AGGRESSIVE;
				CLANG_WARN_UNREACHABLE_CODE = YES;
				CLANG_WARN__DUPLICATE_METHOD_MATCH = YES;
				COPY_PHASE_STRIP = NO;
				DEBUG_INFORMATION_FORMAT = "dwarf-with-dsym";
				ENABLE_NS_ASSERTIONS = NO;
				ENABLE_STRICT_OBJC_MSGSEND = YES;
				GCC_C_LANGUAGE_STANDARD = gnu11;
				GCC_NO_COMMON_BLOCKS = YES;
				GCC_WARN_64_TO_32_BIT_CONVERSION = YES;
				GCC_WARN_ABOUT_RETURN_TYPE = YES_ERROR;
				GCC_WARN_UNDECLARED_SELECTOR = YES;
				GCC_WARN_UNINITIALIZED_AUTOS = YES_AGGRESSIVE;
				GCC_WARN_UNUSED_FUNCTION = YES;
				GCC_WARN_UNUSED_VARIABLE = YES;
				IPHONEOS_DEPLOYMENT_TARGET = 13.5;
				MTL_ENABLE_DEBUG_INFO = NO;
				MTL_FAST_MATH = YES;
				SDKROOT = iphoneos;
				SWIFT_COMPILATION_MODE = wholemodule;
				SWIFT_OPTIMIZATION_LEVEL = "-O";
				VALIDATE_PRODUCT = YES;
			};
			name = Release;
		};
		45B9D97D24A0BD00000CDE35 /* Debug */ = {
			isa = XCBuildConfiguration;
			baseConfigurationReference = A96A769C073F3BDAB9FFEA2D /* Pods-SVProgressHUD_Sample.debug.xcconfig */;
			buildSettings = {
				ASSETCATALOG_COMPILER_APPICON_NAME = AppIcon;
				CODE_SIGN_STYLE = Automatic;
				DEVELOPMENT_TEAM = "";
				INFOPLIST_FILE = SVProgressHUD_Sample/Info.plist;
				IPHONEOS_DEPLOYMENT_TARGET = 13.0;
				LD_RUNPATH_SEARCH_PATHS = (
					"$(inherited)",
					"@executable_path/Frameworks",
				);
				PRODUCT_BUNDLE_IDENTIFIER = "com.reoapp.apps.SVProgressHUD-Sample";
				PRODUCT_NAME = "$(TARGET_NAME)";
				SWIFT_VERSION = 5.0;
				TARGETED_DEVICE_FAMILY = "1,2";
			};
			name = Debug;
		};
		45B9D97E24A0BD00000CDE35 /* Release */ = {
			isa = XCBuildConfiguration;
			baseConfigurationReference = 3E8FDB0A64B1D73EB0C3AB5C /* Pods-SVProgressHUD_Sample.release.xcconfig */;
			buildSettings = {
				ASSETCATALOG_COMPILER_APPICON_NAME = AppIcon;
				CODE_SIGN_STYLE = Automatic;
				DEVELOPMENT_TEAM = "";
				INFOPLIST_FILE = SVProgressHUD_Sample/Info.plist;
				IPHONEOS_DEPLOYMENT_TARGET = 13.0;
				LD_RUNPATH_SEARCH_PATHS = (
					"$(inherited)",
					"@executable_path/Frameworks",
				);
				PRODUCT_BUNDLE_IDENTIFIER = "com.reoapp.apps.SVProgressHUD-Sample";
				PRODUCT_NAME = "$(TARGET_NAME)";
				SWIFT_VERSION = 5.0;
				TARGETED_DEVICE_FAMILY = "1,2";
			};
			name = Release;
		};
		45B9D98024A0BD00000CDE35 /* Debug */ = {
			isa = XCBuildConfiguration;
			baseConfigurationReference = 230FEEF47C01B493AB6B9F6B /* Pods-SVProgressHUD_SampleTests.debug.xcconfig */;
			buildSettings = {
				ALWAYS_EMBED_SWIFT_STANDARD_LIBRARIES = YES;
				BUNDLE_LOADER = "$(TEST_HOST)";
				CODE_SIGN_STYLE = Automatic;
				DEVELOPMENT_TEAM = R2JNY9N3J7;
				INFOPLIST_FILE = SVProgressHUD_SampleTests/Info.plist;
				IPHONEOS_DEPLOYMENT_TARGET = 13.5;
				LD_RUNPATH_SEARCH_PATHS = (
					"$(inherited)",
					"@executable_path/Frameworks",
					"@loader_path/Frameworks",
				);
				PRODUCT_BUNDLE_IDENTIFIER = "com.reoapp.apps.SVProgressHUD-SampleTests";
				PRODUCT_NAME = "$(TARGET_NAME)";
				SWIFT_VERSION = 5.0;
				TARGETED_DEVICE_FAMILY = "1,2";
				TEST_HOST = "$(BUILT_PRODUCTS_DIR)/SVProgressHUD_Sample.app/SVProgressHUD_Sample";
			};
			name = Debug;
		};
		45B9D98124A0BD00000CDE35 /* Release */ = {
			isa = XCBuildConfiguration;
			baseConfigurationReference = 0C88DC165416CC14C802547F /* Pods-SVProgressHUD_SampleTests.release.xcconfig */;
			buildSettings = {
				ALWAYS_EMBED_SWIFT_STANDARD_LIBRARIES = YES;
				BUNDLE_LOADER = "$(TEST_HOST)";
				CODE_SIGN_STYLE = Automatic;
				DEVELOPMENT_TEAM = R2JNY9N3J7;
				INFOPLIST_FILE = SVProgressHUD_SampleTests/Info.plist;
				IPHONEOS_DEPLOYMENT_TARGET = 13.5;
				LD_RUNPATH_SEARCH_PATHS = (
					"$(inherited)",
					"@executable_path/Frameworks",
					"@loader_path/Frameworks",
				);
				PRODUCT_BUNDLE_IDENTIFIER = "com.reoapp.apps.SVProgressHUD-SampleTests";
				PRODUCT_NAME = "$(TARGET_NAME)";
				SWIFT_VERSION = 5.0;
				TARGETED_DEVICE_FAMILY = "1,2";
				TEST_HOST = "$(BUILT_PRODUCTS_DIR)/SVProgressHUD_Sample.app/SVProgressHUD_Sample";
			};
			name = Release;
		};
		45B9D98324A0BD00000CDE35 /* Debug */ = {
			isa = XCBuildConfiguration;
			baseConfigurationReference = 3CF62F5E56356327CD96D9AB /* Pods-SVProgressHUD_Sample-SVProgressHUD_SampleUITests.debug.xcconfig */;
			buildSettings = {
				ALWAYS_EMBED_SWIFT_STANDARD_LIBRARIES = YES;
				CODE_SIGN_STYLE = Automatic;
				DEVELOPMENT_TEAM = R2JNY9N3J7;
				INFOPLIST_FILE = SVProgressHUD_SampleUITests/Info.plist;
				LD_RUNPATH_SEARCH_PATHS = (
					"$(inherited)",
					"@executable_path/Frameworks",
					"@loader_path/Frameworks",
				);
				PRODUCT_BUNDLE_IDENTIFIER = "com.reoapp.apps.SVProgressHUD-SampleUITests";
				PRODUCT_NAME = "$(TARGET_NAME)";
				SWIFT_VERSION = 5.0;
				TARGETED_DEVICE_FAMILY = "1,2";
				TEST_TARGET_NAME = SVProgressHUD_Sample;
			};
			name = Debug;
		};
		45B9D98424A0BD00000CDE35 /* Release */ = {
			isa = XCBuildConfiguration;
			baseConfigurationReference = 3F8F2A79302868ED90C9B562 /* Pods-SVProgressHUD_Sample-SVProgressHUD_SampleUITests.release.xcconfig */;
			buildSettings = {
				ALWAYS_EMBED_SWIFT_STANDARD_LIBRARIES = YES;
				CODE_SIGN_STYLE = Automatic;
				DEVELOPMENT_TEAM = R2JNY9N3J7;
				INFOPLIST_FILE = SVProgressHUD_SampleUITests/Info.plist;
				LD_RUNPATH_SEARCH_PATHS = (
					"$(inherited)",
					"@executable_path/Frameworks",
					"@loader_path/Frameworks",
				);
				PRODUCT_BUNDLE_IDENTIFIER = "com.reoapp.apps.SVProgressHUD-SampleUITests";
				PRODUCT_NAME = "$(TARGET_NAME)";
				SWIFT_VERSION = 5.0;
				TARGETED_DEVICE_FAMILY = "1,2";
				TEST_TARGET_NAME = SVProgressHUD_Sample;
			};
			name = Release;
		};
/* End XCBuildConfiguration section */

/* Begin XCConfigurationList section */
		45B9D94D24A0BCFF000CDE35 /* Build configuration list for PBXProject "SVProgressHUD_Sample" */ = {
			isa = XCConfigurationList;
			buildConfigurations = (
				45B9D97A24A0BD00000CDE35 /* Debug */,
				45B9D97B24A0BD00000CDE35 /* Release */,
			);
			defaultConfigurationIsVisible = 0;
			defaultConfigurationName = Release;
		};
		45B9D97C24A0BD00000CDE35 /* Build configuration list for PBXNativeTarget "SVProgressHUD_Sample" */ = {
			isa = XCConfigurationList;
			buildConfigurations = (
				45B9D97D24A0BD00000CDE35 /* Debug */,
				45B9D97E24A0BD00000CDE35 /* Release */,
			);
			defaultConfigurationIsVisible = 0;
			defaultConfigurationName = Release;
		};
		45B9D97F24A0BD00000CDE35 /* Build configuration list for PBXNativeTarget "SVProgressHUD_SampleTests" */ = {
			isa = XCConfigurationList;
			buildConfigurations = (
				45B9D98024A0BD00000CDE35 /* Debug */,
				45B9D98124A0BD00000CDE35 /* Release */,
			);
			defaultConfigurationIsVisible = 0;
			defaultConfigurationName = Release;
		};
		45B9D98224A0BD00000CDE35 /* Build configuration list for PBXNativeTarget "SVProgressHUD_SampleUITests" */ = {
			isa = XCConfigurationList;
			buildConfigurations = (
				45B9D98324A0BD00000CDE35 /* Debug */,
				45B9D98424A0BD00000CDE35 /* Release */,
			);
			defaultConfigurationIsVisible = 0;
			defaultConfigurationName = Release;
		};
/* End XCConfigurationList section */
	};
	rootObject = 45B9D94A24A0BCFF000CDE35 /* Project object */;
}
